
Microsoft Visual Studio Solution File, Format Version 12.00
# Visual Studio 15
VisualStudioVersion = 15.0.26730.12
MinimumVisualStudioVersion = 10.0.40219.1
Project("{FAE04EC0-301F-11D3-BF4B-00C04F79EFBC}") = "Morgengry", "Morgengry\Morgengry.csproj", "{99949C91-EBF5-4D77-B75D-BD5FEAC6FA6D}"
EndProject
Project("{FAE04EC0-301F-11D3-BF4B-00C04F79EFBC}") = "Test", "Test\Test.csproj", "{170F810A-827D-4F95-9346-ADE17281F584}"
EndProject
Global
	GlobalSection(SolutionConfigurationPlatforms) = preSolution
		Debug|Any CPU = Debug|Any CPU
		Release|Any CPU = Release|Any CPU
	EndGlobalSection
	GlobalSection(ProjectConfigurationPlatforms) = postSolution
		{99949C91-EBF5-4D77-B75D-BD5FEAC6FA6D}.Debug|Any CPU.ActiveCfg = Debug|Any CPU
		{99949C91-EBF5-4D77-B75D-BD5FEAC6FA6D}.Debug|Any CPU.Build.0 = Debug|Any CPU
		{99949C91-EBF5-4D77-B75D-BD5FEAC6FA6D}.Release|Any CPU.ActiveCfg = Release|Any CPU
		{99949C91-EBF5-4D77-B75D-BD5FEAC6FA6D}.Release|Any CPU.Build.0 = Release|Any CPU
		{170F810A-827D-4F95-9346-ADE17281F584}.Debug|Any CPU.ActiveCfg = Debug|Any CPU
		{170F810A-827D-4F95-9346-ADE17281F584}.Debug|Any CPU.Build.0 = Debug|Any CPU
		{170F810A-827D-4F95-9346-ADE17281F584}.Release|Any CPU.ActiveCfg = Release|Any CPU
		{170F810A-827D-4F95-9346-ADE17281F584}.Release|Any CPU.Build.0 = Release|Any CPU
	EndGlobalSection
	GlobalSection(SolutionProperties) = preSolution
		HideSolutionNode = FALSE
	EndGlobalSection
	GlobalSection(ExtensibilityGlobals) = postSolution
		SolutionGuid = {8A66564E-D3C2-4F32-BD27-7E8D1CCB43AA}
	EndGlobalSection
EndGlobal
